
Microsoft Visual Studio Solution File, Format Version 12.00
# Visual Studio Version 17
VisualStudioVersion = 17.3.32922.545
MinimumVisualStudioVersion = 10.0.40219.1
Project("{FAE04EC0-301F-11D3-BF4B-00C04F79EFBC}") = "Telegram", "Telegram\Telegram.csproj", "{E8ACAAC2-EA7B-4DC6-BAE3-F31D082C1D7B}"
EndProject
Global
	GlobalSection(SolutionConfigurationPlatforms) = preSolution
		Debug|Any CPU = Debug|Any CPU
		Release|Any CPU = Release|Any CPU
	EndGlobalSection
	GlobalSection(ProjectConfigurationPlatforms) = postSolution
		{E8ACAAC2-EA7B-4DC6-BAE3-F31D082C1D7B}.Debug|Any CPU.ActiveCfg = Debug|Any CPU
		{E8ACAAC2-EA7B-4DC6-BAE3-F31D082C1D7B}.Debug|Any CPU.Build.0 = Debug|Any CPU
		{E8ACAAC2-EA7B-4DC6-BAE3-F31D082C1D7B}.Release|Any CPU.ActiveCfg = Release|Any CPU
		{E8ACAAC2-EA7B-4DC6-BAE3-F31D082C1D7B}.Release|Any CPU.Build.0 = Release|Any CPU
	EndGlobalSection
	GlobalSection(SolutionProperties) = preSolution
		HideSolutionNode = FALSE
	EndGlobalSection
	GlobalSection(ExtensibilityGlobals) = postSolution
		SolutionGuid = {18961CC8-EB0E-4A71-8399-C0E63E4788C4}
	EndGlobalSection
EndGlobal
